
Microsoft Visual Studio Solution File, Format Version 12.00
# Visual Studio Version 17
VisualStudioVersion = 17.4.33122.133
MinimumVisualStudioVersion = 10.0.40219.1
Project("{FAE04EC0-301F-11D3-BF4B-00C04F79EFBC}") = "05112023_HTML", "05112023_HTML\05112023_HTML.csproj", "{0C07EBA4-7A31-46F9-BFE3-7C9C270F5A2B}"
EndProject
Global
	GlobalSection(SolutionConfigurationPlatforms) = preSolution
		Debug|Any CPU = Debug|Any CPU
		Release|Any CPU = Release|Any CPU
	EndGlobalSection
	GlobalSection(ProjectConfigurationPlatforms) = postSolution
		{0C07EBA4-7A31-46F9-BFE3-7C9C270F5A2B}.Debug|Any CPU.ActiveCfg = Debug|Any CPU
		{0C07EBA4-7A31-46F9-BFE3-7C9C270F5A2B}.Debug|Any CPU.Build.0 = Debug|Any CPU
		{0C07EBA4-7A31-46F9-BFE3-7C9C270F5A2B}.Release|Any CPU.ActiveCfg = Release|Any CPU
		{0C07EBA4-7A31-46F9-BFE3-7C9C270F5A2B}.Release|Any CPU.Build.0 = Release|Any CPU
	EndGlobalSection
	GlobalSection(SolutionProperties) = preSolution
		HideSolutionNode = FALSE
	EndGlobalSection
	GlobalSection(ExtensibilityGlobals) = postSolution
		SolutionGuid = {6DF4A1D3-9C14-46BB-A12D-BEEF494570BC}
	EndGlobalSection
EndGlobal
